{
  "lockfileVersion": 1,
  "workspaces": {
    "": {
      "dependencies": {
        "ast-types": "^0.14.2",
        "cli-progress": "^3.12.0",
        "cors": "^2.8.5",
        "dotenv": "^16.4.5",
        "express": "^4.19.1",
        "glob": "^10.4.2",
        "jsdom": "^25.0.0",
        "nanoid": "^5.0.7",
        "neo4j-driver": "4.4.0",
        "openai": "^4.29.2",
        "puppeteer": "^23.3.0",
        "recast": "^0.23.9",
        "uuid": "^10.0.0",
      },
      "devDependencies": {
        "@babel/parser": "^7.24.7",
        "@huggingface/inference": "^2.6.6",
        "@types/cli-progress": "^3.11.5",
        "@types/cors": "^2.8.17",
        "@types/express": "^4.17.21",
        "@types/jsdom": "^21.1.7",
        "@types/node": "^20.11.27",
        "@types/uuid": "^10.0.0",
        "nodemon": "^3.1.0",
        "prettier": "^3.3.3",
        "ts-node": "^10.9.2",
        "tsx": "^4.19.0",
        "typescript": "^5.4.2",
      },
    },
  },
  "packages": {
    "@babel/code-frame": ["@babel/code-frame@7.24.7", "", { "dependencies": { "@babel/highlight": "^7.24.7", "picocolors": "^1.0.0" } }, ""],

    "@babel/helper-validator-identifier": ["@babel/helper-validator-identifier@7.24.7", "", {}, ""],

    "@babel/highlight": ["@babel/highlight@7.24.7", "", { "dependencies": { "@babel/helper-validator-identifier": "^7.24.7", "chalk": "^2.4.2", "js-tokens": "^4.0.0", "picocolors": "^1.0.0" } }, ""],

    "@babel/parser": ["@babel/parser@7.24.7", "", { "bin": { "parser": "bin/babel-parser.js" } }, ""],

    "@babel/runtime": ["@babel/runtime@7.24.0", "", { "dependencies": { "regenerator-runtime": "^0.14.0" } }, ""],

    "@cspotcode/source-map-support": ["@cspotcode/source-map-support@0.8.1", "", { "dependencies": { "@jridgewell/trace-mapping": "0.3.9" } }, ""],

    "@esbuild/linux-x64": ["@esbuild/linux-x64@0.23.1", "", { "os": "linux", "cpu": "x64" }, ""],

    "@huggingface/inference": ["@huggingface/inference@2.6.6", "", {}, ""],

    "@isaacs/cliui": ["@isaacs/cliui@8.0.2", "", { "dependencies": { "string-width": "^5.1.2", "string-width-cjs": "npm:string-width@^4.2.0", "strip-ansi": "^7.0.1", "strip-ansi-cjs": "npm:strip-ansi@^6.0.1", "wrap-ansi": "^8.1.0", "wrap-ansi-cjs": "npm:wrap-ansi@^7.0.0" } }, ""],

    "@jridgewell/resolve-uri": ["@jridgewell/resolve-uri@3.1.2", "", {}, ""],

    "@jridgewell/sourcemap-codec": ["@jridgewell/sourcemap-codec@1.4.15", "", {}, ""],

    "@jridgewell/trace-mapping": ["@jridgewell/trace-mapping@0.3.9", "", { "dependencies": { "@jridgewell/resolve-uri": "^3.0.3", "@jridgewell/sourcemap-codec": "^1.4.10" } }, ""],

    "@pkgjs/parseargs": ["@pkgjs/parseargs@0.11.0", "", {}, ""],

    "@puppeteer/browsers": ["@puppeteer/browsers@2.4.0", "", { "dependencies": { "debug": "^4.3.6", "extract-zip": "^2.0.1", "progress": "^2.0.3", "proxy-agent": "^6.4.0", "semver": "^7.6.3", "tar-fs": "^3.0.6", "unbzip2-stream": "^1.4.3", "yargs": "^17.7.2" }, "bin": { "browsers": "lib/cjs/main-cli.js" } }, ""],

    "@tootallnate/quickjs-emscripten": ["@tootallnate/quickjs-emscripten@0.23.0", "", {}, ""],

    "@tsconfig/node10": ["@tsconfig/node10@1.0.10", "", {}, ""],

    "@tsconfig/node12": ["@tsconfig/node12@1.0.11", "", {}, ""],

    "@tsconfig/node14": ["@tsconfig/node14@1.0.3", "", {}, ""],

    "@tsconfig/node16": ["@tsconfig/node16@1.0.4", "", {}, ""],

    "@types/body-parser": ["@types/body-parser@1.19.5", "", { "dependencies": { "@types/connect": "*", "@types/node": "*" } }, ""],

    "@types/cli-progress": ["@types/cli-progress@3.11.5", "", { "dependencies": { "@types/node": "*" } }, ""],

    "@types/connect": ["@types/connect@3.4.38", "", { "dependencies": { "@types/node": "*" } }, ""],

    "@types/cors": ["@types/cors@2.8.17", "", { "dependencies": { "@types/node": "*" } }, ""],

    "@types/express": ["@types/express@4.17.21", "", { "dependencies": { "@types/body-parser": "*", "@types/express-serve-static-core": "^4.17.33", "@types/qs": "*", "@types/serve-static": "*" } }, ""],

    "@types/express-serve-static-core": ["@types/express-serve-static-core@4.17.43", "", { "dependencies": { "@types/node": "*", "@types/qs": "*", "@types/range-parser": "*", "@types/send": "*" } }, ""],

    "@types/http-errors": ["@types/http-errors@2.0.4", "", {}, ""],

    "@types/jsdom": ["@types/jsdom@21.1.7", "", { "dependencies": { "@types/node": "*", "@types/tough-cookie": "*", "parse5": "^7.0.0" } }, ""],

    "@types/mime": ["@types/mime@3.0.4", "", {}, ""],

    "@types/node": ["@types/node@20.11.27", "", { "dependencies": { "undici-types": "~5.26.4" } }, ""],

    "@types/node-fetch": ["@types/node-fetch@2.6.11", "", { "dependencies": { "@types/node": "*", "form-data": "^4.0.0" } }, ""],

    "@types/qs": ["@types/qs@6.9.14", "", {}, ""],

    "@types/range-parser": ["@types/range-parser@1.2.7", "", {}, ""],

    "@types/send": ["@types/send@0.17.4", "", { "dependencies": { "@types/mime": "^1", "@types/node": "*" } }, ""],

    "@types/serve-static": ["@types/serve-static@1.15.5", "", { "dependencies": { "@types/http-errors": "*", "@types/mime": "*", "@types/node": "*" } }, ""],

    "@types/tough-cookie": ["@types/tough-cookie@4.0.5", "", {}, ""],

    "@types/uuid": ["@types/uuid@10.0.0", "", {}, ""],

    "@types/yauzl": ["@types/yauzl@2.10.3", "", { "dependencies": { "@types/node": "*" } }, ""],

    "abbrev": ["abbrev@1.1.1", "", {}, ""],

    "abort-controller": ["abort-controller@3.0.0", "", { "dependencies": { "event-target-shim": "^5.0.0" } }, ""],

    "accepts": ["accepts@1.3.8", "", { "dependencies": { "mime-types": "~2.1.34", "negotiator": "0.6.3" } }, ""],

    "acorn": ["acorn@8.11.3", "", { "bin": "bin/acorn" }, ""],

    "acorn-walk": ["acorn-walk@8.3.2", "", {}, ""],

    "agent-base": ["agent-base@7.1.1", "", { "dependencies": { "debug": "^4.3.4" } }, ""],

    "agentkeepalive": ["agentkeepalive@4.5.0", "", { "dependencies": { "humanize-ms": "^1.2.1" } }, ""],

    "ansi-regex": ["ansi-regex@5.0.1", "", {}, ""],

    "ansi-styles": ["ansi-styles@6.2.1", "", {}, ""],

    "anymatch": ["anymatch@3.1.3", "", { "dependencies": { "normalize-path": "^3.0.0", "picomatch": "^2.0.4" } }, ""],

    "arg": ["arg@4.1.3", "", {}, ""],

    "argparse": ["argparse@2.0.1", "", {}, ""],

    "array-flatten": ["array-flatten@1.1.1", "", {}, ""],

    "ast-types": ["ast-types@0.14.2", "", { "dependencies": { "tslib": "^2.0.1" } }, ""],

    "asynckit": ["asynckit@0.4.0", "", {}, ""],

    "b4a": ["b4a@1.6.6", "", {}, ""],

    "balanced-match": ["balanced-match@1.0.2", "", {}, ""],

    "bare-events": ["bare-events@2.4.2", "", {}, ""],

    "bare-fs": ["bare-fs@2.3.3", "", { "dependencies": { "bare-events": "^2.0.0", "bare-path": "^2.0.0", "bare-stream": "^2.0.0" } }, ""],

    "bare-os": ["bare-os@2.4.2", "", {}, ""],

    "bare-path": ["bare-path@2.1.3", "", { "dependencies": { "bare-os": "^2.1.0" } }, ""],

    "bare-stream": ["bare-stream@2.2.1", "", { "dependencies": { "b4a": "^1.6.6", "streamx": "^2.18.0" } }, ""],

    "base-64": ["base-64@0.1.0", "", {}, ""],

    "base64-js": ["base64-js@1.5.1", "", {}, ""],

    "basic-ftp": ["basic-ftp@5.0.5", "", {}, ""],

    "binary-extensions": ["binary-extensions@2.3.0", "", {}, ""],

    "body-parser": ["body-parser@1.20.2", "", { "dependencies": { "bytes": "3.1.2", "content-type": "~1.0.5", "debug": "2.6.9", "depd": "2.0.0", "destroy": "1.2.0", "http-errors": "2.0.0", "iconv-lite": "0.4.24", "on-finished": "2.4.1", "qs": "6.11.0", "raw-body": "2.5.2", "type-is": "~1.6.18", "unpipe": "1.0.0" } }, ""],

    "brace-expansion": ["brace-expansion@1.1.11", "", { "dependencies": { "balanced-match": "^1.0.0", "concat-map": "0.0.1" } }, ""],

    "braces": ["braces@3.0.2", "", { "dependencies": { "fill-range": "^7.0.1" } }, ""],

    "buffer": ["buffer@6.0.3", "", { "dependencies": { "base64-js": "^1.3.1", "ieee754": "^1.2.1" } }, ""],

    "buffer-crc32": ["buffer-crc32@0.2.13", "", {}, ""],

    "bytes": ["bytes@3.1.2", "", {}, ""],

    "call-bind": ["call-bind@1.0.7", "", { "dependencies": { "es-define-property": "^1.0.0", "es-errors": "^1.3.0", "function-bind": "^1.1.2", "get-intrinsic": "^1.2.4", "set-function-length": "^1.2.1" } }, ""],

    "callsites": ["callsites@3.1.0", "", {}, ""],

    "chalk": ["chalk@2.4.2", "", { "dependencies": { "ansi-styles": "^3.2.1", "escape-string-regexp": "^1.0.5", "supports-color": "^5.3.0" } }, ""],

    "charenc": ["charenc@0.0.2", "", {}, ""],

    "chokidar": ["chokidar@3.6.0", "", { "dependencies": { "anymatch": "~3.1.2", "braces": "~3.0.2", "glob-parent": "~5.1.2", "is-binary-path": "~2.1.0", "is-glob": "~4.0.1", "normalize-path": "~3.0.0", "readdirp": "~3.6.0" } }, ""],

    "chromium-bidi": ["chromium-bidi@0.6.5", "", { "dependencies": { "mitt": "3.0.1", "urlpattern-polyfill": "10.0.0", "zod": "3.23.8" }, "peerDependencies": { "devtools-protocol": "*" } }, ""],

    "cli-progress": ["cli-progress@3.12.0", "", { "dependencies": { "string-width": "^4.2.3" } }, ""],

    "cliui": ["cliui@8.0.1", "", { "dependencies": { "string-width": "^4.2.0", "strip-ansi": "^6.0.1", "wrap-ansi": "^7.0.0" } }, ""],

    "color-convert": ["color-convert@2.0.1", "", { "dependencies": { "color-name": "~1.1.4" } }, ""],

    "color-name": ["color-name@1.1.4", "", {}, ""],

    "combined-stream": ["combined-stream@1.0.8", "", { "dependencies": { "delayed-stream": "~1.0.0" } }, ""],

    "concat-map": ["concat-map@0.0.1", "", {}, ""],

    "content-disposition": ["content-disposition@0.5.4", "", { "dependencies": { "safe-buffer": "5.2.1" } }, ""],

    "content-type": ["content-type@1.0.5", "", {}, ""],

    "cookie": ["cookie@0.6.0", "", {}, ""],

    "cookie-signature": ["cookie-signature@1.0.6", "", {}, ""],

    "cors": ["cors@2.8.5", "", { "dependencies": { "object-assign": "^4", "vary": "^1" } }, ""],

    "cosmiconfig": ["cosmiconfig@9.0.0", "", { "dependencies": { "env-paths": "^2.2.1", "import-fresh": "^3.3.0", "js-yaml": "^4.1.0", "parse-json": "^5.2.0" }, "peerDependencies": { "typescript": ">=4.9.5" } }, ""],

    "create-require": ["create-require@1.1.1", "", {}, ""],

    "cross-spawn": ["cross-spawn@7.0.3", "", { "dependencies": { "path-key": "^3.1.0", "shebang-command": "^2.0.0", "which": "^2.0.1" } }, ""],

    "crypt": ["crypt@0.0.2", "", {}, ""],

    "cssstyle": ["cssstyle@4.0.1", "", { "dependencies": { "rrweb-cssom": "^0.6.0" } }, ""],

    "data-uri-to-buffer": ["data-uri-to-buffer@6.0.2", "", {}, ""],

    "data-urls": ["data-urls@5.0.0", "", { "dependencies": { "whatwg-mimetype": "^4.0.0", "whatwg-url": "^14.0.0" } }, ""],

    "debug": ["debug@4.3.4", "", { "dependencies": { "ms": "2.1.2" } }, ""],

    "decimal.js": ["decimal.js@10.4.3", "", {}, ""],

    "define-data-property": ["define-data-property@1.1.4", "", { "dependencies": { "es-define-property": "^1.0.0", "es-errors": "^1.3.0", "gopd": "^1.0.1" } }, ""],

    "degenerator": ["degenerator@5.0.1", "", { "dependencies": { "ast-types": "^0.13.4", "escodegen": "^2.1.0", "esprima": "^4.0.1" } }, ""],

    "delayed-stream": ["delayed-stream@1.0.0", "", {}, ""],

    "depd": ["depd@2.0.0", "", {}, ""],

    "destroy": ["destroy@1.2.0", "", {}, ""],

    "devtools-protocol": ["devtools-protocol@0.0.1330662", "", {}, ""],

    "diff": ["diff@4.0.2", "", {}, ""],

    "digest-fetch": ["digest-fetch@1.3.0", "", { "dependencies": { "base-64": "^0.1.0", "md5": "^2.3.0" } }, ""],

    "dotenv": ["dotenv@16.4.5", "", {}, ""],

    "eastasianwidth": ["eastasianwidth@0.2.0", "", {}, ""],

    "ee-first": ["ee-first@1.1.1", "", {}, ""],

    "emoji-regex": ["emoji-regex@8.0.0", "", {}, ""],

    "encodeurl": ["encodeurl@1.0.2", "", {}, ""],

    "end-of-stream": ["end-of-stream@1.4.4", "", { "dependencies": { "once": "^1.4.0" } }, ""],

    "entities": ["entities@4.5.0", "", {}, ""],

    "env-paths": ["env-paths@2.2.1", "", {}, ""],

    "error-ex": ["error-ex@1.3.2", "", { "dependencies": { "is-arrayish": "^0.2.1" } }, ""],

    "es-define-property": ["es-define-property@1.0.0", "", { "dependencies": { "get-intrinsic": "^1.2.4" } }, ""],

    "es-errors": ["es-errors@1.3.0", "", {}, ""],

    "esbuild": ["esbuild@0.23.1", "", { "optionalDependencies": { "@esbuild/linux-x64": "0.23.1" }, "bin": "bin/esbuild" }, ""],

    "escalade": ["escalade@3.2.0", "", {}, ""],

    "escape-html": ["escape-html@1.0.3", "", {}, ""],

    "escape-string-regexp": ["escape-string-regexp@1.0.5", "", {}, ""],

    "escodegen": ["escodegen@2.1.0", "", { "dependencies": { "esprima": "^4.0.1", "estraverse": "^5.2.0", "esutils": "^2.0.2" }, "optionalDependencies": { "source-map": "~0.6.1" }, "bin": { "escodegen": "bin/escodegen.js", "esgenerate": "bin/esgenerate.js" } }, ""],

    "esprima": ["esprima@4.0.1", "", { "bin": { "esparse": "bin/esparse.js", "esvalidate": "bin/esvalidate.js" } }, ""],

    "estraverse": ["estraverse@5.3.0", "", {}, ""],

    "esutils": ["esutils@2.0.3", "", {}, ""],

    "etag": ["etag@1.8.1", "", {}, ""],

    "event-target-shim": ["event-target-shim@5.0.1", "", {}, ""],

    "express": ["express@4.19.2", "", { "dependencies": { "accepts": "~1.3.8", "array-flatten": "1.1.1", "body-parser": "1.20.2", "content-disposition": "0.5.4", "content-type": "~1.0.4", "cookie": "0.6.0", "cookie-signature": "1.0.6", "debug": "2.6.9", "depd": "2.0.0", "encodeurl": "~1.0.2", "escape-html": "~1.0.3", "etag": "~1.8.1", "finalhandler": "1.2.0", "fresh": "0.5.2", "http-errors": "2.0.0", "merge-descriptors": "1.0.1", "methods": "~1.1.2", "on-finished": "2.4.1", "parseurl": "~1.3.3", "path-to-regexp": "0.1.7", "proxy-addr": "~2.0.7", "qs": "6.11.0", "range-parser": "~1.2.1", "safe-buffer": "5.2.1", "send": "0.18.0", "serve-static": "1.15.0", "setprototypeof": "1.2.0", "statuses": "2.0.1", "type-is": "~1.6.18", "utils-merge": "1.0.1", "vary": "~1.1.2" } }, ""],

    "extract-zip": ["extract-zip@2.0.1", "", { "dependencies": { "debug": "^4.1.1", "get-stream": "^5.1.0", "yauzl": "^2.10.0" }, "optionalDependencies": { "@types/yauzl": "^2.9.1" }, "bin": "cli.js" }, ""],

    "fast-fifo": ["fast-fifo@1.3.2", "", {}, ""],

    "fd-slicer": ["fd-slicer@1.1.0", "", { "dependencies": { "pend": "~1.2.0" } }, ""],

    "fill-range": ["fill-range@7.0.1", "", { "dependencies": { "to-regex-range": "^5.0.1" } }, ""],

    "finalhandler": ["finalhandler@1.2.0", "", { "dependencies": { "debug": "2.6.9", "encodeurl": "~1.0.2", "escape-html": "~1.0.3", "on-finished": "2.4.1", "parseurl": "~1.3.3", "statuses": "2.0.1", "unpipe": "~1.0.0" } }, ""],

    "foreground-child": ["foreground-child@3.2.1", "", { "dependencies": { "cross-spawn": "^7.0.0", "signal-exit": "^4.0.1" } }, ""],

    "form-data": ["form-data@4.0.0", "", { "dependencies": { "asynckit": "^0.4.0", "combined-stream": "^1.0.8", "mime-types": "^2.1.12" } }, ""],

    "form-data-encoder": ["form-data-encoder@1.7.2", "", {}, ""],

    "formdata-node": ["formdata-node@4.4.1", "", { "dependencies": { "node-domexception": "1.0.0", "web-streams-polyfill": "4.0.0-beta.3" } }, ""],

    "forwarded": ["forwarded@0.2.0", "", {}, ""],

    "fresh": ["fresh@0.5.2", "", {}, ""],

    "fs-extra": ["fs-extra@11.2.0", "", { "dependencies": { "graceful-fs": "^4.2.0", "jsonfile": "^6.0.1", "universalify": "^2.0.0" } }, ""],

    "function-bind": ["function-bind@1.1.2", "", {}, ""],

    "get-caller-file": ["get-caller-file@2.0.5", "", {}, ""],

    "get-intrinsic": ["get-intrinsic@1.2.4", "", { "dependencies": { "es-errors": "^1.3.0", "function-bind": "^1.1.2", "has-proto": "^1.0.1", "has-symbols": "^1.0.3", "hasown": "^2.0.0" } }, ""],

    "get-stream": ["get-stream@5.2.0", "", { "dependencies": { "pump": "^3.0.0" } }, ""],

    "get-tsconfig": ["get-tsconfig@4.8.0", "", { "dependencies": { "resolve-pkg-maps": "^1.0.0" } }, ""],

    "get-uri": ["get-uri@6.0.3", "", { "dependencies": { "basic-ftp": "^5.0.2", "data-uri-to-buffer": "^6.0.2", "debug": "^4.3.4", "fs-extra": "^11.2.0" } }, ""],

    "glob": ["glob@10.4.2", "", { "dependencies": { "foreground-child": "^3.1.0", "jackspeak": "^3.1.2", "minimatch": "^9.0.4", "minipass": "^7.1.2", "package-json-from-dist": "^1.0.0", "path-scurry": "^1.11.1" }, "bin": "dist/esm/bin.mjs" }, ""],

    "glob-parent": ["glob-parent@5.1.2", "", { "dependencies": { "is-glob": "^4.0.1" } }, ""],

    "gopd": ["gopd@1.0.1", "", { "dependencies": { "get-intrinsic": "^1.1.3" } }, ""],

    "graceful-fs": ["graceful-fs@4.2.11", "", {}, ""],

    "has-flag": ["has-flag@3.0.0", "", {}, ""],

    "has-property-descriptors": ["has-property-descriptors@1.0.2", "", { "dependencies": { "es-define-property": "^1.0.0" } }, ""],

    "has-proto": ["has-proto@1.0.3", "", {}, ""],

    "has-symbols": ["has-symbols@1.0.3", "", {}, ""],

    "hasown": ["hasown@2.0.2", "", { "dependencies": { "function-bind": "^1.1.2" } }, ""],

    "html-encoding-sniffer": ["html-encoding-sniffer@4.0.0", "", { "dependencies": { "whatwg-encoding": "^3.1.1" } }, ""],

    "http-errors": ["http-errors@2.0.0", "", { "dependencies": { "depd": "2.0.0", "inherits": "2.0.4", "setprototypeof": "1.2.0", "statuses": "2.0.1", "toidentifier": "1.0.1" } }, ""],

    "http-proxy-agent": ["http-proxy-agent@7.0.2", "", { "dependencies": { "agent-base": "^7.1.0", "debug": "^4.3.4" } }, ""],

    "https-proxy-agent": ["https-proxy-agent@7.0.5", "", { "dependencies": { "agent-base": "^7.0.2", "debug": "4" } }, ""],

    "humanize-ms": ["humanize-ms@1.2.1", "", { "dependencies": { "ms": "^2.0.0" } }, ""],

    "iconv-lite": ["iconv-lite@0.4.24", "", { "dependencies": { "safer-buffer": ">= 2.1.2 < 3" } }, ""],

    "ieee754": ["ieee754@1.2.1", "", {}, ""],

    "ignore-by-default": ["ignore-by-default@1.0.1", "", {}, ""],

    "import-fresh": ["import-fresh@3.3.0", "", { "dependencies": { "parent-module": "^1.0.0", "resolve-from": "^4.0.0" } }, ""],

    "inherits": ["inherits@2.0.4", "", {}, ""],

    "ip-address": ["ip-address@9.0.5", "", { "dependencies": { "jsbn": "1.1.0", "sprintf-js": "^1.1.3" } }, ""],

    "ipaddr.js": ["ipaddr.js@1.9.1", "", {}, ""],

    "is-arrayish": ["is-arrayish@0.2.1", "", {}, ""],

    "is-binary-path": ["is-binary-path@2.1.0", "", { "dependencies": { "binary-extensions": "^2.0.0" } }, ""],

    "is-buffer": ["is-buffer@1.1.6", "", {}, ""],

    "is-extglob": ["is-extglob@2.1.1", "", {}, ""],

    "is-fullwidth-code-point": ["is-fullwidth-code-point@3.0.0", "", {}, ""],

    "is-glob": ["is-glob@4.0.3", "", { "dependencies": { "is-extglob": "^2.1.1" } }, ""],

    "is-number": ["is-number@7.0.0", "", {}, ""],

    "is-potential-custom-element-name": ["is-potential-custom-element-name@1.0.1", "", {}, ""],

    "isexe": ["isexe@2.0.0", "", {}, ""],

    "jackspeak": ["jackspeak@3.4.0", "", { "dependencies": { "@isaacs/cliui": "^8.0.2" }, "optionalDependencies": { "@pkgjs/parseargs": "^0.11.0" } }, ""],

    "js-tokens": ["js-tokens@4.0.0", "", {}, ""],

    "js-yaml": ["js-yaml@4.1.0", "", { "dependencies": { "argparse": "^2.0.1" }, "bin": "bin/js-yaml.js" }, ""],

    "jsbn": ["jsbn@1.1.0", "", {}, ""],

    "jsdom": ["jsdom@25.0.0", "", { "dependencies": { "cssstyle": "^4.0.1", "data-urls": "^5.0.0", "decimal.js": "^10.4.3", "form-data": "^4.0.0", "html-encoding-sniffer": "^4.0.0", "http-proxy-agent": "^7.0.2", "https-proxy-agent": "^7.0.5", "is-potential-custom-element-name": "^1.0.1", "nwsapi": "^2.2.12", "parse5": "^7.1.2", "rrweb-cssom": "^0.7.1", "saxes": "^6.0.0", "symbol-tree": "^3.2.4", "tough-cookie": "^4.1.4", "w3c-xmlserializer": "^5.0.0", "webidl-conversions": "^7.0.0", "whatwg-encoding": "^3.1.1", "whatwg-mimetype": "^4.0.0", "whatwg-url": "^14.0.0", "ws": "^8.18.0", "xml-name-validator": "^5.0.0" }, "peerDependencies": { "canvas": "^2.11.2" }, "optionalPeers": ["canvas"] }, ""],

    "json-parse-even-better-errors": ["json-parse-even-better-errors@2.3.1", "", {}, ""],

    "jsonfile": ["jsonfile@6.1.0", "", { "dependencies": { "universalify": "^2.0.0" }, "optionalDependencies": { "graceful-fs": "^4.1.6" } }, ""],

    "lines-and-columns": ["lines-and-columns@1.2.4", "", {}, ""],

    "lru-cache": ["lru-cache@6.0.0", "", { "dependencies": { "yallist": "^4.0.0" } }, ""],

    "make-error": ["make-error@1.3.6", "", {}, ""],

    "md5": ["md5@2.3.0", "", { "dependencies": { "charenc": "0.0.2", "crypt": "0.0.2", "is-buffer": "~1.1.6" } }, ""],

    "media-typer": ["media-typer@0.3.0", "", {}, ""],

    "merge-descriptors": ["merge-descriptors@1.0.1", "", {}, ""],

    "methods": ["methods@1.1.2", "", {}, ""],

    "mime": ["mime@1.6.0", "", { "bin": "cli.js" }, ""],

    "mime-db": ["mime-db@1.52.0", "", {}, ""],

    "mime-types": ["mime-types@2.1.35", "", { "dependencies": { "mime-db": "1.52.0" } }, ""],

    "minimatch": ["minimatch@3.1.2", "", { "dependencies": { "brace-expansion": "^1.1.7" } }, ""],

    "minipass": ["minipass@7.1.2", "", {}, ""],

    "mitt": ["mitt@3.0.1", "", {}, ""],

    "ms": ["ms@2.1.2", "", {}, ""],

    "nanoid": ["nanoid@5.0.7", "", { "bin": "bin/nanoid.js" }, ""],

    "negotiator": ["negotiator@0.6.3", "", {}, ""],

    "neo4j-driver": ["neo4j-driver@4.4.0", "", { "dependencies": { "@babel/runtime": "^7.5.5", "neo4j-driver-bolt-connection": "^4.4.0", "neo4j-driver-core": "^4.4.0", "rxjs": "^6.6.3" } }, ""],

    "neo4j-driver-bolt-connection": ["neo4j-driver-bolt-connection@4.4.11", "", { "dependencies": { "buffer": "^6.0.3", "neo4j-driver-core": "4.4.11", "string_decoder": "^1.3.0" } }, ""],

    "neo4j-driver-core": ["neo4j-driver-core@4.4.11", "", {}, ""],

    "netmask": ["netmask@2.0.2", "", {}, ""],

    "node-domexception": ["node-domexception@1.0.0", "", {}, ""],

    "node-fetch": ["node-fetch@2.7.0", "", { "dependencies": { "whatwg-url": "^5.0.0" }, "peerDependencies": { "encoding": "^0.1.0" }, "optionalPeers": ["encoding"] }, ""],

    "nodemon": ["nodemon@3.1.0", "", { "dependencies": { "chokidar": "^3.5.2", "debug": "^4", "ignore-by-default": "^1.0.1", "minimatch": "^3.1.2", "pstree.remy": "^1.1.8", "semver": "^7.5.3", "simple-update-notifier": "^2.0.0", "supports-color": "^5.5.0", "touch": "^3.1.0", "undefsafe": "^2.0.5" }, "bin": "bin/nodemon.js" }, ""],

    "nopt": ["nopt@1.0.10", "", { "dependencies": { "abbrev": "1" }, "bin": "bin/nopt.js" }, ""],

    "normalize-path": ["normalize-path@3.0.0", "", {}, ""],

    "nwsapi": ["nwsapi@2.2.12", "", {}, ""],

    "object-assign": ["object-assign@4.1.1", "", {}, ""],

    "object-inspect": ["object-inspect@1.13.1", "", {}, ""],

    "on-finished": ["on-finished@2.4.1", "", { "dependencies": { "ee-first": "1.1.1" } }, ""],

    "once": ["once@1.4.0", "", { "dependencies": { "wrappy": "1" } }, ""],

    "openai": ["openai@4.29.2", "", { "dependencies": { "@types/node": "^18.11.18", "@types/node-fetch": "^2.6.4", "abort-controller": "^3.0.0", "agentkeepalive": "^4.2.1", "digest-fetch": "^1.3.0", "form-data-encoder": "1.7.2", "formdata-node": "^4.3.2", "node-fetch": "^2.6.7", "web-streams-polyfill": "^3.2.1" }, "bin": "bin/cli" }, ""],

    "pac-proxy-agent": ["pac-proxy-agent@7.0.2", "", { "dependencies": { "@tootallnate/quickjs-emscripten": "^0.23.0", "agent-base": "^7.0.2", "debug": "^4.3.4", "get-uri": "^6.0.1", "http-proxy-agent": "^7.0.0", "https-proxy-agent": "^7.0.5", "pac-resolver": "^7.0.1", "socks-proxy-agent": "^8.0.4" } }, ""],

    "pac-resolver": ["pac-resolver@7.0.1", "", { "dependencies": { "degenerator": "^5.0.0", "netmask": "^2.0.2" } }, ""],

    "package-json-from-dist": ["package-json-from-dist@1.0.0", "", {}, ""],

    "parent-module": ["parent-module@1.0.1", "", { "dependencies": { "callsites": "^3.0.0" } }, ""],

    "parse-json": ["parse-json@5.2.0", "", { "dependencies": { "@babel/code-frame": "^7.0.0", "error-ex": "^1.3.1", "json-parse-even-better-errors": "^2.3.0", "lines-and-columns": "^1.1.6" } }, ""],

    "parse5": ["parse5@7.1.2", "", { "dependencies": { "entities": "^4.4.0" } }, ""],

    "parseurl": ["parseurl@1.3.3", "", {}, ""],

    "path-key": ["path-key@3.1.1", "", {}, ""],

    "path-scurry": ["path-scurry@1.11.1", "", { "dependencies": { "lru-cache": "^10.2.0", "minipass": "^5.0.0 || ^6.0.2 || ^7.0.0" } }, ""],

    "path-to-regexp": ["path-to-regexp@0.1.7", "", {}, ""],

    "pend": ["pend@1.2.0", "", {}, ""],

    "picocolors": ["picocolors@1.1.0", "", {}, ""],

    "picomatch": ["picomatch@2.3.1", "", {}, ""],

    "prettier": ["prettier@3.5.3", "", { "bin": { "prettier": "bin/prettier.cjs" } }, "sha512-QQtaxnoDJeAkDvDKWCLiwIXkTgRhwYDEQCghU9Z6q03iyek/rxRh/2lC3HB7P8sWT2xC/y5JDctPLBIGzHKbhw=="],

    "progress": ["progress@2.0.3", "", {}, ""],

    "proxy-addr": ["proxy-addr@2.0.7", "", { "dependencies": { "forwarded": "0.2.0", "ipaddr.js": "1.9.1" } }, ""],

    "proxy-agent": ["proxy-agent@6.4.0", "", { "dependencies": { "agent-base": "^7.0.2", "debug": "^4.3.4", "http-proxy-agent": "^7.0.1", "https-proxy-agent": "^7.0.3", "lru-cache": "^7.14.1", "pac-proxy-agent": "^7.0.1", "proxy-from-env": "^1.1.0", "socks-proxy-agent": "^8.0.2" } }, ""],

    "proxy-from-env": ["proxy-from-env@1.1.0", "", {}, ""],

    "psl": ["psl@1.9.0", "", {}, ""],

    "pstree.remy": ["pstree.remy@1.1.8", "", {}, ""],

    "pump": ["pump@3.0.0", "", { "dependencies": { "end-of-stream": "^1.1.0", "once": "^1.3.1" } }, ""],

    "punycode": ["punycode@2.3.1", "", {}, ""],

    "puppeteer": ["puppeteer@23.3.0", "", { "dependencies": { "@puppeteer/browsers": "2.4.0", "chromium-bidi": "0.6.5", "cosmiconfig": "^9.0.0", "devtools-protocol": "0.0.1330662", "puppeteer-core": "23.3.0", "typed-query-selector": "^2.12.0" }, "bin": "lib/cjs/puppeteer/node/cli.js" }, ""],

    "puppeteer-core": ["puppeteer-core@23.3.0", "", { "dependencies": { "@puppeteer/browsers": "2.4.0", "chromium-bidi": "0.6.5", "debug": "^4.3.6", "devtools-protocol": "0.0.1330662", "typed-query-selector": "^2.12.0", "ws": "^8.18.0" } }, ""],

    "qs": ["qs@6.11.0", "", { "dependencies": { "side-channel": "^1.0.4" } }, ""],

    "querystringify": ["querystringify@2.2.0", "", {}, ""],

    "queue-tick": ["queue-tick@1.0.1", "", {}, ""],

    "range-parser": ["range-parser@1.2.1", "", {}, ""],

    "raw-body": ["raw-body@2.5.2", "", { "dependencies": { "bytes": "3.1.2", "http-errors": "2.0.0", "iconv-lite": "0.4.24", "unpipe": "1.0.0" } }, ""],

    "readdirp": ["readdirp@3.6.0", "", { "dependencies": { "picomatch": "^2.2.1" } }, ""],

    "recast": ["recast@0.23.9", "", { "dependencies": { "ast-types": "^0.16.1", "esprima": "~4.0.0", "source-map": "~0.6.1", "tiny-invariant": "^1.3.3", "tslib": "^2.0.1" } }, ""],

    "regenerator-runtime": ["regenerator-runtime@0.14.1", "", {}, ""],

    "require-directory": ["require-directory@2.1.1", "", {}, ""],

    "requires-port": ["requires-port@1.0.0", "", {}, ""],

    "resolve-from": ["resolve-from@4.0.0", "", {}, ""],

    "resolve-pkg-maps": ["resolve-pkg-maps@1.0.0", "", {}, ""],

    "rrweb-cssom": ["rrweb-cssom@0.7.1", "", {}, ""],

    "rxjs": ["rxjs@6.6.7", "", { "dependencies": { "tslib": "^1.9.0" } }, ""],

    "safe-buffer": ["safe-buffer@5.2.1", "", {}, ""],

    "safer-buffer": ["safer-buffer@2.1.2", "", {}, ""],

    "saxes": ["saxes@6.0.0", "", { "dependencies": { "xmlchars": "^2.2.0" } }, ""],

    "semver": ["semver@7.6.0", "", { "dependencies": { "lru-cache": "^6.0.0" }, "bin": "bin/semver.js" }, ""],

    "send": ["send@0.18.0", "", { "dependencies": { "debug": "2.6.9", "depd": "2.0.0", "destroy": "1.2.0", "encodeurl": "~1.0.2", "escape-html": "~1.0.3", "etag": "~1.8.1", "fresh": "0.5.2", "http-errors": "2.0.0", "mime": "1.6.0", "ms": "2.1.3", "on-finished": "2.4.1", "range-parser": "~1.2.1", "statuses": "2.0.1" } }, ""],

    "serve-static": ["serve-static@1.15.0", "", { "dependencies": { "encodeurl": "~1.0.2", "escape-html": "~1.0.3", "parseurl": "~1.3.3", "send": "0.18.0" } }, ""],

    "set-function-length": ["set-function-length@1.2.2", "", { "dependencies": { "define-data-property": "^1.1.4", "es-errors": "^1.3.0", "function-bind": "^1.1.2", "get-intrinsic": "^1.2.4", "gopd": "^1.0.1", "has-property-descriptors": "^1.0.2" } }, ""],

    "setprototypeof": ["setprototypeof@1.2.0", "", {}, ""],

    "shebang-command": ["shebang-command@2.0.0", "", { "dependencies": { "shebang-regex": "^3.0.0" } }, ""],

    "shebang-regex": ["shebang-regex@3.0.0", "", {}, ""],

    "side-channel": ["side-channel@1.0.6", "", { "dependencies": { "call-bind": "^1.0.7", "es-errors": "^1.3.0", "get-intrinsic": "^1.2.4", "object-inspect": "^1.13.1" } }, ""],

    "signal-exit": ["signal-exit@4.1.0", "", {}, ""],

    "simple-update-notifier": ["simple-update-notifier@2.0.0", "", { "dependencies": { "semver": "^7.5.3" } }, ""],

    "smart-buffer": ["smart-buffer@4.2.0", "", {}, ""],

    "socks": ["socks@2.8.3", "", { "dependencies": { "ip-address": "^9.0.5", "smart-buffer": "^4.2.0" } }, ""],

    "socks-proxy-agent": ["socks-proxy-agent@8.0.4", "", { "dependencies": { "agent-base": "^7.1.1", "debug": "^4.3.4", "socks": "^2.8.3" } }, ""],

    "source-map": ["source-map@0.6.1", "", {}, ""],

    "sprintf-js": ["sprintf-js@1.1.3", "", {}, ""],

    "statuses": ["statuses@2.0.1", "", {}, ""],

    "streamx": ["streamx@2.20.0", "", { "dependencies": { "fast-fifo": "^1.3.2", "queue-tick": "^1.0.1", "text-decoder": "^1.1.0" }, "optionalDependencies": { "bare-events": "^2.2.0" } }, ""],

    "string-width": ["string-width@4.2.3", "", { "dependencies": { "emoji-regex": "^8.0.0", "is-fullwidth-code-point": "^3.0.0", "strip-ansi": "^6.0.1" } }, ""],

    "string-width-cjs": ["string-width@4.2.3", "", { "dependencies": { "emoji-regex": "^8.0.0", "is-fullwidth-code-point": "^3.0.0", "strip-ansi": "^6.0.1" } }, ""],

    "string_decoder": ["string_decoder@1.3.0", "", { "dependencies": { "safe-buffer": "~5.2.0" } }, ""],

    "strip-ansi": ["strip-ansi@6.0.1", "", { "dependencies": { "ansi-regex": "^5.0.1" } }, ""],

    "strip-ansi-cjs": ["strip-ansi@6.0.1", "", { "dependencies": { "ansi-regex": "^5.0.1" } }, ""],

    "supports-color": ["supports-color@5.5.0", "", { "dependencies": { "has-flag": "^3.0.0" } }, ""],

    "symbol-tree": ["symbol-tree@3.2.4", "", {}, ""],

    "tar-fs": ["tar-fs@3.0.6", "", { "dependencies": { "pump": "^3.0.0", "tar-stream": "^3.1.5" }, "optionalDependencies": { "bare-fs": "^2.1.1", "bare-path": "^2.1.0" } }, ""],

    "tar-stream": ["tar-stream@3.1.7", "", { "dependencies": { "b4a": "^1.6.4", "fast-fifo": "^1.2.0", "streamx": "^2.15.0" } }, ""],

    "text-decoder": ["text-decoder@1.1.1", "", { "dependencies": { "b4a": "^1.6.4" } }, ""],

    "through": ["through@2.3.8", "", {}, ""],

    "tiny-invariant": ["tiny-invariant@1.3.3", "", {}, ""],

    "to-regex-range": ["to-regex-range@5.0.1", "", { "dependencies": { "is-number": "^7.0.0" } }, ""],

    "toidentifier": ["toidentifier@1.0.1", "", {}, ""],

    "touch": ["touch@3.1.0", "", { "dependencies": { "nopt": "~1.0.10" }, "bin": { "nodetouch": "bin/nodetouch.js" } }, ""],

    "tough-cookie": ["tough-cookie@4.1.4", "", { "dependencies": { "psl": "^1.1.33", "punycode": "^2.1.1", "universalify": "^0.2.0", "url-parse": "^1.5.3" } }, ""],

    "tr46": ["tr46@5.0.0", "", { "dependencies": { "punycode": "^2.3.1" } }, ""],

    "ts-node": ["ts-node@10.9.2", "", { "dependencies": { "@cspotcode/source-map-support": "^0.8.0", "@tsconfig/node10": "^1.0.7", "@tsconfig/node12": "^1.0.7", "@tsconfig/node14": "^1.0.0", "@tsconfig/node16": "^1.0.2", "acorn": "^8.4.1", "acorn-walk": "^8.1.1", "arg": "^4.1.0", "create-require": "^1.1.0", "diff": "^4.0.1", "make-error": "^1.1.1", "v8-compile-cache-lib": "^3.0.1", "yn": "3.1.1" }, "peerDependencies": { "@swc/core": ">=1.2.50", "@swc/wasm": ">=1.2.50", "@types/node": "*", "typescript": ">=2.7" }, "optionalPeers": ["@swc/core", "@swc/wasm"], "bin": { "ts-node": "dist/bin.js", "ts-node-cwd": "dist/bin-cwd.js", "ts-node-esm": "dist/bin-esm.js", "ts-node-script": "dist/bin-script.js", "ts-node-transpile-only": "dist/bin-transpile.js", "ts-script": "dist/bin-script-deprecated.js" } }, ""],

    "tslib": ["tslib@2.6.3", "", {}, ""],

    "tsx": ["tsx@4.19.0", "", { "dependencies": { "esbuild": "~0.23.0", "get-tsconfig": "^4.7.5" }, "bin": "dist/cli.mjs" }, ""],

    "type-is": ["type-is@1.6.18", "", { "dependencies": { "media-typer": "0.3.0", "mime-types": "~2.1.24" } }, ""],

    "typed-query-selector": ["typed-query-selector@2.12.0", "", {}, ""],

    "typescript": ["typescript@5.4.2", "", { "bin": { "tsc": "bin/tsc", "tsserver": "bin/tsserver" } }, ""],

    "unbzip2-stream": ["unbzip2-stream@1.4.3", "", { "dependencies": { "buffer": "^5.2.1", "through": "^2.3.8" } }, ""],

    "undefsafe": ["undefsafe@2.0.5", "", {}, ""],

    "undici-types": ["undici-types@5.26.5", "", {}, ""],

    "universalify": ["universalify@0.2.0", "", {}, ""],

    "unpipe": ["unpipe@1.0.0", "", {}, ""],

    "url-parse": ["url-parse@1.5.10", "", { "dependencies": { "querystringify": "^2.1.1", "requires-port": "^1.0.0" } }, ""],

    "urlpattern-polyfill": ["urlpattern-polyfill@10.0.0", "", {}, ""],

    "utils-merge": ["utils-merge@1.0.1", "", {}, ""],

    "uuid": ["uuid@10.0.0", "", { "bin": "dist/bin/uuid" }, ""],

    "v8-compile-cache-lib": ["v8-compile-cache-lib@3.0.1", "", {}, ""],

    "vary": ["vary@1.1.2", "", {}, ""],

    "w3c-xmlserializer": ["w3c-xmlserializer@5.0.0", "", { "dependencies": { "xml-name-validator": "^5.0.0" } }, ""],

    "web-streams-polyfill": ["web-streams-polyfill@3.3.3", "", {}, ""],

    "webidl-conversions": ["webidl-conversions@7.0.0", "", {}, ""],

    "whatwg-encoding": ["whatwg-encoding@3.1.1", "", { "dependencies": { "iconv-lite": "0.6.3" } }, ""],

    "whatwg-mimetype": ["whatwg-mimetype@4.0.0", "", {}, ""],

    "whatwg-url": ["whatwg-url@14.0.0", "", { "dependencies": { "tr46": "^5.0.0", "webidl-conversions": "^7.0.0" } }, ""],

    "which": ["which@2.0.2", "", { "dependencies": { "isexe": "^2.0.0" }, "bin": { "node-which": "bin/node-which" } }, ""],

    "wrap-ansi": ["wrap-ansi@8.1.0", "", { "dependencies": { "ansi-styles": "^6.1.0", "string-width": "^5.0.1", "strip-ansi": "^7.0.1" } }, ""],

    "wrap-ansi-cjs": ["wrap-ansi@7.0.0", "", { "dependencies": { "ansi-styles": "^4.0.0", "string-width": "^4.1.0", "strip-ansi": "^6.0.0" } }, ""],

    "wrappy": ["wrappy@1.0.2", "", {}, ""],

    "ws": ["ws@8.18.0", "", { "peerDependencies": { "bufferutil": "^4.0.1", "utf-8-validate": ">=5.0.2" }, "optionalPeers": ["bufferutil", "utf-8-validate"] }, ""],

    "xml-name-validator": ["xml-name-validator@5.0.0", "", {}, ""],

    "xmlchars": ["xmlchars@2.2.0", "", {}, ""],

    "y18n": ["y18n@5.0.8", "", {}, ""],

    "yallist": ["yallist@4.0.0", "", {}, ""],

    "yargs": ["yargs@17.7.2", "", { "dependencies": { "cliui": "^8.0.1", "escalade": "^3.1.1", "get-caller-file": "^2.0.5", "require-directory": "^2.1.1", "string-width": "^4.2.3", "y18n": "^5.0.5", "yargs-parser": "^21.1.1" } }, ""],

    "yargs-parser": ["yargs-parser@21.1.1", "", {}, ""],

    "yauzl": ["yauzl@2.10.0", "", { "dependencies": { "buffer-crc32": "~0.2.3", "fd-slicer": "~1.1.0" } }, ""],

    "yn": ["yn@3.1.1", "", {}, ""],

    "zod": ["zod@3.23.8", "", {}, ""],

    "@isaacs/cliui/string-width": ["string-width@5.1.2", "", { "dependencies": { "eastasianwidth": "^0.2.0", "emoji-regex": "^9.2.2", "strip-ansi": "^7.0.1" } }, ""],

    "@isaacs/cliui/strip-ansi": ["strip-ansi@7.1.0", "", { "dependencies": { "ansi-regex": "^6.0.1" } }, ""],

    "@puppeteer/browsers/debug": ["debug@4.3.7", "", { "dependencies": { "ms": "^2.1.3" } }, ""],

    "@puppeteer/browsers/semver": ["semver@7.6.3", "", { "bin": "bin/semver.js" }, ""],

    "@types/send/@types/mime": ["@types/mime@1.3.5", "", {}, ""],

    "agent-base/debug": ["debug@4.3.7", "", { "dependencies": { "ms": "^2.1.3" } }, ""],

    "body-parser/debug": ["debug@2.6.9", "", { "dependencies": { "ms": "2.0.0" } }, ""],

    "chalk/ansi-styles": ["ansi-styles@3.2.1", "", { "dependencies": { "color-convert": "^1.9.0" } }, ""],

    "cliui/wrap-ansi": ["wrap-ansi@7.0.0", "", { "dependencies": { "ansi-styles": "^4.0.0", "string-width": "^4.1.0", "strip-ansi": "^6.0.0" } }, ""],

    "cssstyle/rrweb-cssom": ["rrweb-cssom@0.6.0", "", {}, ""],

    "degenerator/ast-types": ["ast-types@0.13.4", "", { "dependencies": { "tslib": "^2.0.1" } }, ""],

    "express/debug": ["debug@2.6.9", "", { "dependencies": { "ms": "2.0.0" } }, ""],

    "extract-zip/debug": ["debug@4.3.7", "", { "dependencies": { "ms": "^2.1.3" } }, ""],

    "finalhandler/debug": ["debug@2.6.9", "", { "dependencies": { "ms": "2.0.0" } }, ""],

    "formdata-node/web-streams-polyfill": ["web-streams-polyfill@4.0.0-beta.3", "", {}, ""],

    "fs-extra/universalify": ["universalify@2.0.1", "", {}, ""],

    "get-uri/debug": ["debug@4.3.7", "", { "dependencies": { "ms": "^2.1.3" } }, ""],

    "glob/minimatch": ["minimatch@9.0.4", "", { "dependencies": { "brace-expansion": "^2.0.1" } }, ""],

    "http-proxy-agent/debug": ["debug@4.3.7", "", { "dependencies": { "ms": "^2.1.3" } }, ""],

    "https-proxy-agent/debug": ["debug@4.3.7", "", { "dependencies": { "ms": "^2.1.3" } }, ""],

    "humanize-ms/ms": ["ms@2.1.3", "", {}, ""],

    "jsonfile/universalify": ["universalify@2.0.1", "", {}, ""],

    "node-fetch/whatwg-url": ["whatwg-url@5.0.0", "", { "dependencies": { "tr46": "~0.0.3", "webidl-conversions": "^3.0.0" } }, ""],

    "openai/@types/node": ["@types/node@18.19.26", "", { "dependencies": { "undici-types": "~5.26.4" } }, ""],

    "pac-proxy-agent/debug": ["debug@4.3.7", "", { "dependencies": { "ms": "^2.1.3" } }, ""],

    "path-scurry/lru-cache": ["lru-cache@10.2.2", "", {}, ""],

    "proxy-agent/debug": ["debug@4.3.7", "", { "dependencies": { "ms": "^2.1.3" } }, ""],

    "proxy-agent/lru-cache": ["lru-cache@7.18.3", "", {}, ""],

    "puppeteer-core/debug": ["debug@4.3.7", "", { "dependencies": { "ms": "^2.1.3" } }, ""],

    "recast/ast-types": ["ast-types@0.16.1", "", { "dependencies": { "tslib": "^2.0.1" } }, ""],

    "recast/tslib": ["tslib@2.6.3", "", {}, ""],

    "rxjs/tslib": ["tslib@1.14.1", "", {}, ""],

    "send/debug": ["debug@2.6.9", "", { "dependencies": { "ms": "2.0.0" } }, ""],

    "send/ms": ["ms@2.1.3", "", {}, ""],

    "socks-proxy-agent/debug": ["debug@4.3.7", "", { "dependencies": { "ms": "^2.1.3" } }, ""],

    "unbzip2-stream/buffer": ["buffer@5.7.1", "", { "dependencies": { "base64-js": "^1.3.1", "ieee754": "^1.1.13" } }, ""],

    "whatwg-encoding/iconv-lite": ["iconv-lite@0.6.3", "", { "dependencies": { "safer-buffer": ">= 2.1.2 < 3.0.0" } }, ""],

    "wrap-ansi/string-width": ["string-width@5.1.2", "", { "dependencies": { "eastasianwidth": "^0.2.0", "emoji-regex": "^9.2.2", "strip-ansi": "^7.0.1" } }, ""],

    "wrap-ansi/strip-ansi": ["strip-ansi@7.1.0", "", { "dependencies": { "ansi-regex": "^6.0.1" } }, ""],

    "wrap-ansi-cjs/ansi-styles": ["ansi-styles@4.3.0", "", { "dependencies": { "color-convert": "^2.0.1" } }, ""],

    "@isaacs/cliui/string-width/emoji-regex": ["emoji-regex@9.2.2", "", {}, ""],

    "@isaacs/cliui/strip-ansi/ansi-regex": ["ansi-regex@6.0.1", "", {}, ""],

    "@puppeteer/browsers/debug/ms": ["ms@2.1.3", "", {}, ""],

    "agent-base/debug/ms": ["ms@2.1.3", "", {}, "sha512-6FlzubTLZG3J2a/NVCAleEhjzq5oxgHyaCU9yYXvcLsvoVaHJq/s5xXI6/XXP6tz7R9xAOtHnSO/tXtF3WRTlA=="],

    "body-parser/debug/ms": ["ms@2.0.0", "", {}, ""],

    "chalk/ansi-styles/color-convert": ["color-convert@1.9.3", "", { "dependencies": { "color-name": "1.1.3" } }, ""],

    "cliui/wrap-ansi/ansi-styles": ["ansi-styles@4.3.0", "", { "dependencies": { "color-convert": "^2.0.1" } }, ""],

    "degenerator/ast-types/tslib": ["tslib@2.7.0", "", {}, ""],

    "express/debug/ms": ["ms@2.0.0", "", {}, ""],

    "extract-zip/debug/ms": ["ms@2.1.3", "", {}, ""],

    "finalhandler/debug/ms": ["ms@2.0.0", "", {}, ""],

    "get-uri/debug/ms": ["ms@2.1.3", "", {}, ""],

    "glob/minimatch/brace-expansion": ["brace-expansion@2.0.1", "", { "dependencies": { "balanced-match": "^1.0.0" } }, ""],

    "http-proxy-agent/debug/ms": ["ms@2.1.3", "", {}, "sha512-6FlzubTLZG3J2a/NVCAleEhjzq5oxgHyaCU9yYXvcLsvoVaHJq/s5xXI6/XXP6tz7R9xAOtHnSO/tXtF3WRTlA=="],

    "https-proxy-agent/debug/ms": ["ms@2.1.3", "", {}, "sha512-6FlzubTLZG3J2a/NVCAleEhjzq5oxgHyaCU9yYXvcLsvoVaHJq/s5xXI6/XXP6tz7R9xAOtHnSO/tXtF3WRTlA=="],

    "node-fetch/whatwg-url/tr46": ["tr46@0.0.3", "", {}, ""],

    "node-fetch/whatwg-url/webidl-conversions": ["webidl-conversions@3.0.1", "", {}, ""],

    "pac-proxy-agent/debug/ms": ["ms@2.1.3", "", {}, ""],

    "proxy-agent/debug/ms": ["ms@2.1.3", "", {}, ""],

    "puppeteer-core/debug/ms": ["ms@2.1.3", "", {}, ""],

    "send/debug/ms": ["ms@2.0.0", "", {}, ""],

    "socks-proxy-agent/debug/ms": ["ms@2.1.3", "", {}, ""],

    "wrap-ansi/string-width/emoji-regex": ["emoji-regex@9.2.2", "", {}, ""],

    "wrap-ansi/strip-ansi/ansi-regex": ["ansi-regex@6.0.1", "", {}, ""],

    "chalk/ansi-styles/color-convert/color-name": ["color-name@1.1.3", "", {}, ""],
  }
}
